{
    "_meta": {
        "hash": {
            "sha256": "a63333af93c6127f10981bc11a1fa17a344f2b3c8d82bb43dd690106a2905d13"
        },
        "pipfile-spec": 6,
        "requires": {
            "python_version": "3.10"
        },
        "sources": [
            {
                "name": "pypi",
                "url": "https://pypi.org/simple",
                "verify_ssl": true
            }
        ]
    },
    "default": {
        "aenum": {
            "hashes": [
                "sha256:0dad0421b2fbe30e3fb623b2a0a23eff823407df53829d6a72595e7f76f3d872",
                "sha256:8b883a37a04e74cc838ac442bdd28c266eae5bbf13e1342c7ef123ed25230139",
                "sha256:a969a4516b194895de72c875ece355f17c0d272146f7fda346ef74f93cf4d5ba"
            ],
            "index": "pypi",
            "version": "==3.1.17"
        },
        "anytree": {
            "hashes": [
                "sha256:4cbcf10df36b1f1cba131b7e487ff3edafc9d6e932a3c70071b5b768bab901ff",
                "sha256:c9d3aa6825fdd06af7ebb05b4ef291d2db63e62bb1f9b7d9b71354be9d362714"
            ],
            "index": "pypi",
            "markers": "python_full_version >= '3.9.2' and python_version < '4.0'",
            "version": "==2.13.0"
        },
        "lxml": {
            "hashes": [
                "sha256:00750d63ef0031a05331b9223463b1c7c02b9004cef2346a5b2877f0f9494dd2",
                "sha256:022981127642fe19866d2907d76241bb07ed21749601f727d5d5dd1ce5d1b773",
                "sha256:045e387d1f4f42a418380930fa3f45c73c9b392faf67e495e58902e68e8f44a7",
                "sha256:05b9b8787e35bec69e68daf4952b2e6dfcfb0db7ecf1a06f8cdfbbac4eb71aad",
                "sha256:07f98f5496f96bf724b1e3c933c107f0cbf2745db18c03d2e13a291c3afd2635",
                "sha256:08950a23f296b3f83521577274e3d3b0f3d739bf2e68d01a752e4288bc50d286",
                "sha256:0d082495c5fcf426e425a6e28daaba1fcb6d8f854a4ff01effb1f1f381203eb9",
                "sha256:0f0f08beb0182e3e9a86fae124b3c47a7b41b7b69b225e1377db983802404e54",
                "sha256:1081dd10bc6fa437db2500e13993abf7cc30716d0a2f40e65abb935f02ec559c",
                "sha256:11a873c77a181b4fef9c2e357d08ed399542c2af1390101da66720a19c7c9618",
                "sha256:183bfb45a493081943be7ea2b5adfc2b611e1cf377cefa8b8a8be404f45ef9a7",
                "sha256:19f4164243fc206d12ed3d866e80e74f5bc3627966520da1a5f97e42c32a3f39",
                "sha256:1ae225f66e5938f4fa29d37e009a3bb3b13032ac57eb4eb42afa44f6e4054e69",
                "sha256:1bc4cc83fb7f66ffb16f74d6dd0162e144333fc36ebcce32246f80c8735b2551",
                "sha256:1dd6a1c3ad4cb674f44525d9957f3e9c209bb6dd9213245195167a281fcc2bdc",
                "sha256:20cf4d0651987c906a2f5cba4e3a8d6ba4bfdf973cfe2a96c0d6053888ea2ecd",
                "sha256:2173a7bffe97667bbf0767f8a99e587740a8c56fdf3befac4b09cb29a80276fd",
                "sha256:21c3302068f50d1e8728c67c87ba92aa87043abee517aa2576cca1855326b405",
                "sha256:23a5dc68e08ed13331d61815c08f260f46b4a60fdd1640bbeb82cf89a9d90289",
                "sha256:23cad0cc86046d4222f7f418910e46b89971c5a45d3c8abfad0f64b7b05e4a9b",
                "sha256:2593a0a6621545b9095b71ad74ed4226eba438a7d9fc3712a99bdb15508cf93a",
                "sha256:264c605ab9c0e4aa1a679636f4582c4d3313700009fac3ec9c3412ed0d8f3e1d",
                "sha256:26c5272c6a4bf4cf32d3f5a7890c942b0e04438691157d341616d02cca74d4bd",
                "sha256:26dd9f57ee3bd41e7d35b4c98a2ffd89ed11591649f421f0ec19f67d50ec67ac",
                "sha256:28902146ffbe5222df411c5d19e5352490122e14447e98cd118907ee3fd6ee62",
                "sha256:29f5c00cb7d752bce2c70ebd2d31b0a42f9499ffdd3ecb2f31a5b73ee43031ad",
                "sha256:30e7b2ed63b6c8e97cca8af048589a788ab5c9c905f36d9cf1c2bb549f450d2f",
                "sha256:32662519149fd7a9db354175aa5e417d83485a8039b8aaa62f873ceee7ea4cad",
                "sha256:363e47283bde87051b821826e71dde47f107e08614e1aa312ba0c5711e77738c",
                "sha256:3648f20d25102a22b6061c688beb3a805099ea4beb0a01ce62975d926944d292",
                "sha256:37448bf9c7d7adfc5254763901e2bbd6bb876228dfc1fc7f66e58c06368a7544",
                "sha256:37fabd1452852636cf38ecdcc9dd5ca4bba7a35d6c53fa09725deeb894a87491",
                "sha256:398443df51c538bd578529aa7e5f7afc6c292644174b47961f3bf87fe5741120",
                "sha256:3ae5d8d5427f3cc317e7950f2da7ad276df0cfa37b8de2f5658959e618ea8512",
                "sha256:3f00972f84450204cd5d93a5395965e348956aaceaadec693a22ec743f8ae3eb",
                "sha256:40d9189f80075f2e1f88db21ef815a2b17b28adf8e50aaf5c789bfe737027f32",
                "sha256:419c58fc92cc3a2c3fa5f78c63dbf5da70c1fa9c1b25f25727ecee89a96c7de2",
                "sha256:41dcc4c7b10484257cbd6c37b83ddb26df2b0e5aff5ac00d095689015af868ec",
                "sha256:43e4d297f11080ec9d64a4b1ad7ac02b4484c9f0e2179d9c4ef78e886e747b88",
                "sha256:45e9dfbd1b661eb64ba0d4dbe762bd210c42d86dd1e5bd2bdf89d634231beb43",
                "sha256:4642e04449a1e164b5ff71ffd901ddb772dfabf5c9adf1b7be5dffe1212bc037",
                "sha256:468479e52ecf3ec23799c863336d02c05fc2f7ffd1a1424eeeb9a28d4eb69d13",
                "sha256:47024feaae386a92a146af0d2aeed65229bf6fff738e6a11dda6b0015fb8fd03",
                "sha256:481d6e2104285d9add34f41b42b247b76b61c5b5c26c303c2e9707bbf8bd9a64",
                "sha256:4937460dc5df0cdd2f06a86c285c28afda06aefa3af949f9477d3e8df430c485",
                "sha256:4a1503c56e4e2b38dc76f2f2da7bae69670c0f1933e27cfa34b2fa5876410b16",
                "sha256:4b89b098105b8599dc57adac95d1813409ac476d3c948a498775d3d0c6124bfb",
                "sha256:4bd1bdb8a9e0e2dd229de19b5f8aebac80e916921b4b2c6ef8a52bc131d0c1f9",
                "sha256:4e2c54d6b47361d0f1d3bc8d4e082ad87201e56ccdcca4d3b9ee3644ff595ec8",
                "sha256:52b0ac6903cf74ebf997eb8c682d2fbac7d1ab7e4c552413eec55868a9b73f39",
                "sha256:546b66c0dd1bb8d9fa89d7123e5fa19a8aff3a1f2141eb22df96112afb17b842",
                "sha256:56971379bc5ee8037c5a0f09fa88f66cdb7d37c3e38af3e45cf539f41131ac1f",
                "sha256:5715e0e28736a070f3f34a7ccc09e2fdcba0e3060abbcf61a1a5718ff6d6b105",
                "sha256:5cfa1a34df366d9dc0d5eaf420f4cf2bb1e1bebe1066d1c2fc28c179f8a4004c",
                "sha256:5d27bbe326c6b539c64b42638b18bc6003a8d88f76213a97ac9ed4f885efeab7",
                "sha256:6262b87f9e5c1e5fe501d6c153247289af42eb44ad7660b9b3de17baaf92d6f6",
                "sha256:63aeafc26aac0be8aff14af7871249e87ea1319be92090bfd632ec68e03b16a5",
                "sha256:690022c7fae793b0489aa68a658822cea83e0d5933781811cabbf5ea3bcfe73d",
                "sha256:6fd8b1df8254ff4fd93fd31da1fc15770bde23ac045be9bb1f87425702f61cc9",
                "sha256:73becf6d8c81d4c76b1014dbd3584cb26d904492dcf73ca85dc8bff08dcd6d2d",
                "sha256:73d658216fc173cf2c939e90e07b941c5e12736b0bf6a99e7af95459cfe8eabb",
                "sha256:75c4c7c619a744f972f4451bf5adf6d0fb00992a1ffc9fd78e13b0bc817cc99f",
                "sha256:76b958b4ea3104483c20f74866d55aa056546e15ebe83dd7aecd63698f43b755",
                "sha256:77b9f99b17cbf14026d1e618035077060fc7195dd940d025149f3e2e830fbfcb",
                "sha256:7ba11752e346bd804ea312ec2eea2532dfa8b8d3261d81a32ef9e6ab16256280",
                "sha256:7da13bb6fbadfafb474e0226a30570a3445cfd47c86296f2446dafbd77079ace",
                "sha256:7e39ab3a28af7784e206d8606ec0e4bcad0190f63a492bca95e94e5a4aef7f6e",
                "sha256:7f4a77d6f7edf9230cee3e1f7f6764722a41604ee5681844f18db9a81ea0ec33",
                "sha256:80410c3a7e3c617af04de17caa9f9f20adaa817093293d69eae7d7d0522836f5",
                "sha256:81ff55c70b67d19d52b6fd118a114c0a4c97d799cd3089ff9bd9e2ff4b414ee2",
                "sha256:857efde87d365706590847b916baff69c0bc9252dc5af030e378c9800c0b10e3",
                "sha256:89e8d73d09ac696a5ba42ec69787913d53284f12092f651506779314f10ba585",
                "sha256:8c11b984b5ce6add4dccc7144c7be5d364d298f15b0c6a57da1991baedc750ce",
                "sha256:8c8984e1d8c4b3949e419158fda14d921ff703a9ed8a47236c6eb7a2b6cb4946",
                "sha256:8e369cbd690e788c8d15e56222d91a09c6a417f49cbc543040cba0fe2e25a79e",
                "sha256:9147d8e386ec3b82c3b15d88927f734f565b0aaadef7def562b853adca45784a",
                "sha256:920354904d1cb86577d4b3cfe2830c2dbe81d6f4449e57ada428f1609b5985f7",
                "sha256:942454ff253da14218f972b23dc72fa4edf6c943f37edd19cd697618b626fac5",
                "sha256:972a6451204798675407beaad97b868d0c733d9a74dafefc63120b81b8c2de28",
                "sha256:976a6b39b1b13e8c354ad8d3f261f3a4ac6609518af91bdb5094760a08f132c4",
                "sha256:97faa0860e13b05b15a51fb4986421ef7a30f0b3334061c416e0981e9450ca4c",
                "sha256:9c03e048b6ce8e77b09c734e931584894ecd58d08296804ca2d0b184c933ce50",
                "sha256:9e7b0a4ca6dcc007a4cef00a761bba2dea959de4bd2df98f926b33c92ca5dfb9",
                "sha256:9eb667bf50856c4a58145f8ca2d5e5be160191e79eb9e30855a476191b3c3495",
                "sha256:9f93d5b8b07f73e8c77e3c6556a3db269918390c804b5e5fcdd4858232cc8f16",
                "sha256:a0092f2b107b69601adf562a57c956fbb596e05e3e6651cabd3054113b007e45",
                "sha256:a02ca8fe48815bddcfca3248efe54451abb9dbf2f7d1c5744c8aa4142d476919",
                "sha256:a1d9b99e5b2597e4f5aed2484fef835256fa1b68a19e4265c97628ef4bf8bcf4",
                "sha256:a2853c8b2170cc6cd54a6b4d50d2c1a8a7aeca201f23804b4898525c7a152cfc",
                "sha256:a31286dbb5e74c8e9a5344465b77ab4c5bd511a253b355b5ca2fae7e579fafec",
                "sha256:a86f06f059e22a0d574990ee2df24ede03f7f3c68c1336293eee9536c4c776cd",
                "sha256:ab863fd37458fed6456525f297d21239d987800c46e67da5ef04fc6b3dd93ac8",
                "sha256:ac4db068889f8772a4a698c5980ec302771bb545e10c4b095d4c8be26749616f",
                "sha256:b6c2f225662bc5ad416bdd06f72ca301b31b39ce4261f0e0097017fc2891b940",
                "sha256:bb40648d96157f9081886defe13eac99253e663be969ff938a9289eff6e47b72",
                "sha256:bba078de0031c219e5dd06cf3e6bf8fb8e6e64a77819b358f53bb132e3e03366",
                "sha256:bc783ee3147e60a25aa0445ea82b3e8aabb83b240f2b95d32cb75587ff781814",
                "sha256:be10838781cb3be19251e276910cd508fe127e27c3242e50521521a0f3781690",
                "sha256:bfd57d8008c4965709a919c3e9a98f76c2c7cb319086b3d26858250620023b13",
                "sha256:c08da09dc003c9e8c70e06b53a11db6fb3b250c21c4236b03c7d7b443c318e7a",
                "sha256:c3592631e652afa34999a088f98ba7dfc7d6aff0d535c410bea77a71743f3819",
                "sha256:c4a699432846df86cc3de502ee85f445ebad748a1c6021d445f3e514d2cd4b1c",
                "sha256:c4e425db0c5445ef0ad56b0eec54f89b88b2d884656e536a90b2f52aecb4ca86",
                "sha256:c53fa3a5a52122d590e847a57ccf955557b9634a7f99ff5a35131321b0a85317",
                "sha256:c6854e9cf99c84beb004eecd7d3a3868ef1109bf2b1df92d7bc11e96a36c2180",
                "sha256:c748ebcb6877de89f48ab90ca96642ac458fff5dec291a2b9337cd4d0934e383",
                "sha256:c871299c595ee004d186f61840f0bfc4941aa3f17c8ba4a565ead7e4f4f820ee",
                "sha256:cbd7b79cdcb4986ad78a2662625882747f09db5e4cd7b2ae178a88c9c51b3dfe",
                "sha256:cc16682cc987a3da00aa56a3aa3075b08edb10d9b1e476938cfdbee8f3b67181",
                "sha256:cec05be8c876f92a5aa07b01d60bbb4d11cfbdd654cad0561c0d7b5c043a61b9",
                "sha256:d036ee7b99d5148072ac7c9b847193decdfeac633db350363f7bce4fff108f0e",
                "sha256:d0d799ff958655781296ec870d5e2448e75150da2b3d07f13ff5b0c2c35beefd",
                "sha256:d1392c569c032f78a11a25d1de1c43fff13294c793b39e19d84fade3045cbbc3",
                "sha256:d2f17a16cd8751e8eb233a7e41aecdf8e511712e00088bf9be455f604cd0d28d",
                "sha256:d3829a6e6fd550a219564912d4002c537f65da4c6ae4e093cc34462f4fa027ad",
                "sha256:d43aa26dcda363f21e79afa0668f5029ed7394b3bb8c92a6927a3d34e8b610ea",
                "sha256:d6d8efe71429635f0559579092bb5e60560d7b9115ee38c4adbea35632e7fa24",
                "sha256:dabecc48db5f42ba348d1f5d5afdc54c6c4cc758e676926c7cd327045749517d",
                "sha256:db88156fcf544cdbf0d95588051515cfdfd4c876fc66444eb98bceb5d6db76de",
                "sha256:de550d129f18d8ab819651ffe4f38b1b713c7e116707de3c0c6400d0ef34fbc1",
                "sha256:e0af85773850417d994d019741239b901b22c6680206f46a34766926e466141d",
                "sha256:e3c4f84b24a1fcba435157d111c4b755099c6ff00a3daee1ad281817de75ed11",
                "sha256:e3dd5fe19c9e0ac818a9c7f132a5e43c1339ec1cbbfecb1a938bd3a47875b7c9",
                "sha256:e69aa6805905807186eb00e66c6d97a935c928275182eb02ee40ba00da9623b2",
                "sha256:e80807d72f96b96ad5588cb85c75616e4f2795a7737d4630784c51497beb7776",
                "sha256:ebe33f4ec1b2de38ceb225a1749a2965855bffeef435ba93cd2d5d540783bf2f",
                "sha256:f0cea5b1d3e6e77d71bd2b9972eb2446221a69dc52bb0b9c3c6f6e5700592d93",
                "sha256:f15401d8d3dbf239e23c818afc10c7207f7b95f9a307e092122b6f86dd43209a",
                "sha256:f504d861d9f2a8f94020130adac88d66de93841707a23a86244263d1e54682f5",
                "sha256:fc46da94826188ed45cb53bd8e3fc076ae22675aea2087843d4735627f867c6d",
                "sha256:fc7140d7a7386e6b545d41b7358f4d02b656d4053f5fa6859f92f4b9c2572c4d",
                "sha256:fcf3da95e93349e0647d48d4b36a12783105bcc74cb0c416952f9988410846a3",
                "sha256:fe022f20bc4569ec66b63b3fb275a3d628d9d32da6326b2982584104db6d3086",
                "sha256:ffb34ea45a82dd637c2c97ae1bbb920850c1e59bcae79ce1c15af531d83e7215"
            ],
            "index": "pypi",
            "markers": "python_version >= '3.8'",
            "version": "==6.1.0"
        },
        "xlsxwriter": {
            "hashes": [
                "sha256:254b1c37a368c444eac6e2f867405cc9e461b0ed97a3233b2ac1e574efb4140c",
                "sha256:9a5db42bc5dff014806c58a20b9eae7322a134abb6fce3c92c181bfb275ec5b3"
            ],
            "index": "pypi",
            "markers": "python_version >= '3.8'",
            "version": "==3.2.9"
        }
    },
    "develop": {
        "aenum": {
            "hashes": [
                "sha256:0dad0421b2fbe30e3fb623b2a0a23eff823407df53829d6a72595e7f76f3d872",
                "sha256:8b883a37a04e74cc838ac442bdd28c266eae5bbf13e1342c7ef123ed25230139",
                "sha256:a969a4516b194895de72c875ece355f17c0d272146f7fda346ef74f93cf4d5ba"
            ],
            "index": "pypi",
            "version": "==3.1.17"
        },
        "anytree": {
            "hashes": [
                "sha256:4cbcf10df36b1f1cba131b7e487ff3edafc9d6e932a3c70071b5b768bab901ff",
                "sha256:c9d3aa6825fdd06af7ebb05b4ef291d2db63e62bb1f9b7d9b71354be9d362714"
            ],
            "index": "pypi",
            "markers": "python_full_version >= '3.9.2' and python_version < '4.0'",
            "version": "==2.13.0"
        },
        "astroid": {
            "hashes": [
                "sha256:52f39653876c7dec3e3afd4c2696920e05c83832b9737afc21928f2d2eb7a753",
                "sha256:986fed8bcf79fb82c78b18a53352a0b287a73817d6dbcfba3162da36667c49a0"
            ],
            "markers": "python_full_version >= '3.10.0'",
            "version": "==4.0.4"
        },
        "dill": {
            "hashes": [
                "sha256:1e1ce33e978ae97fcfcff5638477032b801c46c7c65cf717f95fbc2248f79a9d",
                "sha256:423092df4182177d4d8ba8290c8a5b640c66ab35ec7da59ccfa00f6fa3eea5fa"
            ],
            "markers": "python_version >= '3.9'",
            "version": "==0.4.1"
        },
        "exceptiongroup": {
            "hashes": [
                "sha256:8b412432c6055b0b7d14c310000ae93352ed6754f70fa8f7c34141f91c4e3219",
                "sha256:a7a39a3bd276781e98394987d3a5701d0c4edffb633bb7a5144577f82c773598"
            ],
            "markers": "python_version >= '3.7'",
            "version": "==1.3.1"
        },
        "iniconfig": {
            "hashes": [
                "sha256:c76315c77db068650d49c5b56314774a7804df16fee4402c1f19d6d15d8c4730",
                "sha256:f631c04d2c48c52b84d0d0549c99ff3859c98df65b3101406327ecc7d53fbf12"
            ],
            "markers": "python_version >= '3.10'",
            "version": "==2.3.0"
        },
        "isort": {
            "hashes": [
                "sha256:171ac4ff559cdc060bcfff550bc8404a486fee0caab245679c2abe7cb253c78d",
                "sha256:28b89bc70f751b559aeca209e6120393d43fbe2490de0559662be7a9787e3d75"
            ],
            "markers": "python_full_version >= '3.10.0'",
            "version": "==8.0.1"
        },
        "lxml": {
            "hashes": [
                "sha256:00e91573183ad273e242db5585b52670eddf92bacad095ce25c1e682da14ed91",
                "sha256:01bf1df1db327e748dcb152d17389cf6d0a8c5d533ef9bab781e9d5037619229",
                "sha256:056a17eaaf3da87a05523472ae84246f87ac2f29a53306466c22e60282e54ff8",
                "sha256:0a08c89b23117049ba171bf51d2f9c5f3abf507d65d016d6e0fa2f37e18c0fc5",
                "sha256:1343df4e2e6e51182aad12162b23b0a4b3fd77f17527a78c53f0f23573663545",
                "sha256:1449f9451cd53e0fd0a7ec2ff5ede4686add13ac7a7bfa6988ff6d75cff3ebe2",
                "sha256:16b9ec51cc2feab009e800f2c6327338d6ee4e752c76e95a35c4465e80390ccd",
                "sha256:1f10f250430a4caf84115b1e0f23f3615566ca2369d1962f82bef40dd99cd81a",
                "sha256:231142459d32779b209aa4b4d460b175cadd604fed856f25c1571a9d78114771",
                "sha256:232fd30903d3123be4c435fb5159938c6225ee8607b635a4d3fca847003134ba",
                "sha256:23d891e5bdc12e2e506e7d225d6aa929e0a0368c9916c1fddefab88166e98b20",
                "sha256:266f655d1baff9c47b52f529b5f6bec33f66042f65f7c56adde3fcf2ed62ae8b",
                "sha256:273473d34462ae6e97c0f4e517bd1bf9588aa67a1d47d93f760a1282640e24ac",
                "sha256:2bd9ac6e44f2db368ef8986f3989a4cad3de4cd55dbdda536e253000c801bcc7",
                "sha256:33714fcf5af4ff7e70a49731a7cc8fd9ce910b9ac194f66eaa18c3cc0a4c02be",
                "sha256:359a8b09d712df27849e0bcb62c6a3404e780b274b0b7e4c39a88826d1926c28",
                "sha256:365005e8b0718ea6d64b374423e870648ab47c3a905356ab6e5a5ff03962b9a9",
                "sha256:389d2b2e543b27962990ab529ac6720c3dded588cc6d0f6557eec153305a3622",
                "sha256:3b505f2bbff50d261176e67be24e8909e54b5d9d08b12d4946344066d66b3e43",
                "sha256:3d74d4a3c4b8f7a1f676cedf8e84bcc57705a6d7925e6daef7a1e54ae543a197",
                "sha256:3f3f00a9061605725df1816f5713d10cd94636347ed651abdbc75828df302b20",
                "sha256:43498ea734ccdfb92e1886dfedaebeb81178a241d39a79d5351ba2b671bff2b2",
                "sha256:4855161013dfb2b762e02b3f4d4a21cc7c6aec13c69e3bffbf5022b3e708dd97",
                "sha256:4d973729ce04784906a19108054e1fd476bc85279a403ea1a72fdb051c76fa48",
                "sha256:4ece9cca4cd1c8ba889bfa67eae7f21d0d1a2e715b4d5045395113361e8c533d",
                "sha256:506becdf2ecaebaf7f7995f776394fcc8bd8a78022772de66677c84fb02dd33d",
                "sha256:520486f27f1d4ce9654154b4494cf9307b495527f3a2908ad4cb48e4f7ed7ef7",
                "sha256:5557461f83bb7cc718bc9ee1f7156d50e31747e5b38d79cf40f79ab1447afd2d",
                "sha256:562778586949be7e0d7435fcb24aca4810913771f845d99145a6cee64d5b67ca",
                "sha256:59bb5979f9941c61e907ee571732219fa4774d5a18f3fa5ff2df963f5dfaa6bc",
                "sha256:606d445feeb0856c2b424405236a01c71af7c97e5fe42fbc778634faef2b47e4",
                "sha256:6197c3f3c0b960ad033b9b7d611db11285bb461fc6b802c1dd50d04ad715c225",
                "sha256:647459b23594f370c1c01768edaa0ba0959afc39caeeb793b43158bb9bb6a663",
                "sha256:647bfe88b1997d7ae8d45dabc7c868d8cb0c8412a6e730a7651050b8c7289cf2",
                "sha256:6bee9c2e501d835f91460b2c904bc359f8433e96799f5c2ff20feebd9bb1e590",
                "sha256:6dbdacf5752fbd78ccdb434698230c4f0f95df7dd956d5f205b5ed6911a1367c",
                "sha256:701847a7aaefef121c5c0d855b2affa5f9bd45196ef00266724a80e439220e46",
                "sha256:786d6b57026e7e04d184313c1359ac3d68002c33e4b1042ca58c362f1d09ff58",
                "sha256:7b378847a09d6bd46047f5f3599cdc64fcb4cc5a5a2dd0a2af610361fbe77b16",
                "sha256:7d1d6c9e74c70ddf524e3c09d9dc0522aba9370708c2cb58680ea40174800013",
                "sha256:857d6565f9aa3464764c2cb6a2e3c2e75e1970e877c188f4aeae45954a314e0c",
                "sha256:8671622256a0859f5089cbe0ce4693c2af407bc053dcc99aadff7f5310b4aa02",
                "sha256:88f7c383071981c74ec1998ba9b437659e4fd02a3c4a4d3efc16774eb108d0ec",
                "sha256:8aecb5a7f6f7f8fe9cac0bcadd39efaca8bbf8d1bf242e9f175cbe4c925116c3",
                "sha256:91bbf398ac8bb7d65a5a52127407c05f75a18d7015a270fdd94bbcb04e65d573",
                "sha256:936e8880cc00f839aa4173f94466a8406a96ddce814651075f95837316369899",
                "sha256:953dd5481bd6252bd480d6ec431f61d7d87fdcbbb71b0d2bdcfc6ae00bb6fb10",
                "sha256:95ae6c5a196e2f239150aa4a479967351df7f44800c93e5a975ec726fef005e2",
                "sha256:9a2b5915c333e4364367140443b59f09feae42184459b913f0f41b9fed55794a",
                "sha256:9ae6c3363261021144121427b1552b29e7b59de9d6a75bf51e03bc072efb3c37",
                "sha256:9b556596c49fa1232b0fff4b0e69b9d4083a502e60e404b44341e2f8fb7187f5",
                "sha256:9c131447768ed7bc05a02553d939e7f0e807e533441901dd504e217b76307745",
                "sha256:9d9d5726474cbbef279fd709008f91a49c4f758bec9c062dfbba88eab00e3ff9",
                "sha256:a1bdcbebd4e13446a14de4dd1825f1e778e099f17f79718b4aeaf2403624b0f7",
                "sha256:a602ed9bd2c7d85bd58592c28e101bd9ff9c718fbde06545a70945ffd5d11868",
                "sha256:a8edae5253efa75c2fc79a90068fe540b197d1c7ab5803b800fccfe240eed33c",
                "sha256:a905affe76f1802edcac554e3ccf68188bea16546071d7583fb1b693f9cf756b",
                "sha256:a9e7c6d89c77bb2770c9491d988f26a4b161d05c8ca58f63fb1f1b6b9a74be45",
                "sha256:aa9b5abd07f71b081a33115d9758ef6077924082055005808f68feccb27616bd",
                "sha256:aaa5c173a26960fe67daa69aa93d6d6a1cd714a6eb13802d4e4bd1d24a530644",
                "sha256:ac7674d1638df129d9cb4503d20ffc3922bd463c865ef3cb412f2c926108e9a4",
                "sha256:b1541e50b78e15fa06a2670157a1962ef06591d4c998b998047fff5e3236880e",
                "sha256:b1980dbcaad634fe78e710c8587383e6e3f61dbe146bcbfd13a9c8ab2d7b1192",
                "sha256:bafa65e3acae612a7799ada439bd202403414ebe23f52e5b17f6ffc2eb98c2be",
                "sha256:bb5bd6212eb0edfd1e8f254585290ea1dadc3687dd8fd5e2fd9a87c31915cdab",
                "sha256:bbdd69e20fe2943b51e2841fc1e6a3c1de460d630f65bde12452d8c97209464d",
                "sha256:bc354b1393dce46026ab13075f77b30e40b61b1a53e852e99d3cc5dd1af4bc85",
                "sha256:bcee502c649fa6351b44bb014b98c09cb00982a475a1912a9881ca28ab4f9cd9",
                "sha256:bdd9abccd0927673cffe601d2c6cdad1c9321bf3437a2f507d6b037ef91ea307",
                "sha256:c42ae7e010d7d6bc51875d768110c10e8a59494855c3d4c348b068f5fb81fdcd",
                "sha256:c71b5b860c5215fdbaa56f715bc218e45a98477f816b46cfde4a84d25b13274e",
                "sha256:c7721a3ef41591341388bb2265395ce522aba52f969d33dacd822da8f018aff8",
                "sha256:ca8e44b5ba3edb682ea4e6185b49661fc22b230cf811b9c13963c9f982d1d964",
                "sha256:cb53669442895763e61df5c995f0e8361b61662f26c1b04ee82899c2789c8f69",
                "sha256:cc02c06e9e320869d7d1bd323df6dd4281e78ac2e7f8526835d3d48c69060683",
                "sha256:d3caa09e613ece43ac292fbed513a4bce170681a447d25ffcbc1b647d45a39c5",
                "sha256:d82411dbf4d3127b6cde7da0f9373e37ad3a43e89ef374965465928f01c2b979",
                "sha256:dbcb2dc07308453db428a95a4d03259bd8caea97d7f0776842299f2d00c72fc8",
                "sha256:dd4fda67f5faaef4f9ee5383435048ee3e11ad996901225ad7615bc92245bc8e",
                "sha256:ddd92e18b783aeb86ad2132d84a4b795fc5ec612e3545c1b687e7747e66e2b53",
                "sha256:de362ac8bc962408ad8fae28f3967ce1a262b5d63ab8cefb42662566737f1dc7",
                "sha256:e214025e23db238805a600f1f37bf9f9a15413c7bf5f9d6ae194f84980c78722",
                "sha256:e8f9f93a23634cfafbad6e46ad7d09e0f4a25a2400e4a64b1b7b7c0fbaa06d9d",
                "sha256:e96a1788f24d03e8d61679f9881a883ecdf9c445a38f9ae3f3f193ab6c591c66",
                "sha256:ec53a09aee61d45e7dbe7e91252ff0491b6b5fee3d85b2d45b173d8ab453efc1",
                "sha256:f10250bb190fb0742e3e1958dd5c100524c2cc5096c67c8da51233f7448dc137",
                "sha256:f1faee2a831fe249e1bae9cbc68d3cd8a30f7e37851deee4d7962b17c410dd56",
                "sha256:f610d980e3fccf4394ab3806de6065682982f3d27c12d4ce3ee46a8183d64a6a",
                "sha256:f6c35b2f87c004270fa2e703b872fcc984d714d430b305145c39d53074e1ffe0",
                "sha256:f836f39678cb47c9541f04d8ed4545719dc31ad850bf1832d6b4171e30d65d23",
                "sha256:f99768232f036b4776ce419d3244a04fe83784bce871b16d2c2e984c7fcea847",
                "sha256:fd814847901df6e8de13ce69b84c31fc9b3fb591224d6762d0b256d510cbf382",
                "sha256:fdb325b7fba1e2c40b9b1db407f85642e32404131c08480dd652110fc908561b"
            ],
            "index": "pypi",
            "markers": "python_version >= '2.7' and python_version not in '3.0, 3.1, 3.2, 3.3, 3.4'",
            "version": "==4.9.4"
        },
        "mccabe": {
            "hashes": [
                "sha256:348e0240c33b60bbdf4e523192ef919f28cb2c3d7d5c7794f74009290f236325",
                "sha256:6c2d30ab6be0e4a46919781807b4f0d834ebdd6c6e3dca0bda5a15f863427b6e"
            ],
            "markers": "python_version >= '3.6'",
            "version": "==0.7.0"
        },
        "packaging": {
            "hashes": [
                "sha256:5d9c0669c6285e491e0ced2eee587eaf67b670d94a19e94e3984a481aba6802f",
                "sha256:f042152b681c4bfac5cae2742a55e103d27ab2ec0f3d88037136b6bfe7c9c5de"
            ],
            "markers": "python_version >= '3.8'",
            "version": "==26.1"
        },
        "platformdirs": {
            "hashes": [
                "sha256:3bfa75b0ad0db84096ae777218481852c0ebc6c727b3168c1b9e0118e458cf0a",
                "sha256:e61adb1d5e5cb3441b4b7710bea7e4c12250ca49439228cc1021c00dcfac0917"
            ],
            "markers": "python_version >= '3.10'",
            "version": "==4.9.6"
        },
        "pluggy": {
            "hashes": [
                "sha256:7dcc130b76258d33b90f61b658791dede3486c3e6bfb003ee5c9bfb396dd22f3",
                "sha256:e920276dd6813095e9377c0bc5566d94c932c33b27a3e3945d8389c374dd4746"
            ],
            "markers": "python_version >= '3.9'",
            "version": "==1.6.0"
        },
        "pydita": {
            "editable": true,
            "path": "."
        },
        "pygments": {
            "hashes": [
                "sha256:6757cd03768053ff99f3039c1a36d6c0aa0b263438fcab17520b30a303a82b5f",
                "sha256:81a9e26dd42fd28a23a2d169d86d7ac03b46e2f8b59ed4698fb4785f946d0176"
            ],
            "markers": "python_version >= '3.9'",
            "version": "==2.20.0"
        },
        "pylint": {
            "hashes": [
                "sha256:00f51c9b14a3b3ae08cff6b2cdd43f28165c78b165b628692e428fb1f8dc2cf2",
                "sha256:8cd6a618df75deb013bd7eb98327a95f02a6fb839205a6bbf5456ef96afb317c"
            ],
            "index": "pypi",
            "markers": "python_full_version >= '3.10.0'",
            "version": "==4.0.5"
        },
        "pytest": {
            "hashes": [
                "sha256:2c5efc453d45394fdd706ade797c0a81091eccd1d6e4bccfcd476e2b8e0ab5d9",
                "sha256:b86ada508af81d19edeb213c681b1d48246c1a91d304c6c81a427674c17eb91c"
            ],
            "index": "pypi",
            "markers": "python_version >= '3.10'",
            "version": "==9.0.3"
        },
        "tomli": {
            "hashes": [
                "sha256:01f520d4f53ef97964a240a035ec2a869fe1a37dde002b57ebc4417a27ccd853",
                "sha256:0d85819802132122da43cb86656f8d1f8c6587d54ae7dcaf30e90533028b49fe",
                "sha256:136443dbd7e1dee43c68ac2694fde36b2849865fa258d39bf822c10e8068eac5",
                "sha256:1d8591993e228b0c930c4bb0db464bdad97b3289fb981255d6c9a41aedc84b2d",
                "sha256:2190f2e9dd7508d2a90ded5ed369255980a1bcdd58e52f7fe24b8162bf9fedbd",
                "sha256:2c1c351919aca02858f740c6d33adea0c5deea37f9ecca1cc1ef9e884a619d26",
                "sha256:36d2bd2ad5fb9eaddba5226aa02c8ec3fa4f192631e347b3ed28186d43be6b54",
                "sha256:3d48a93ee1c9b79c04bb38772ee1b64dcf18ff43085896ea460ca8dec96f35f6",
                "sha256:47149d5bd38761ac8be13a84864bf0b7b70bc051806bc3669ab1cbc56216b23c",
                "sha256:4ab97e64ccda8756376892c53a72bd1f964e519c77236368527f758fbc36a53a",
                "sha256:4b605484e43cdc43f0954ddae319fb75f04cc10dd80d830540060ee7cd0243cd",
                "sha256:504aa796fe0569bb43171066009ead363de03675276d2d121ac1a4572397870f",
                "sha256:51529d40e3ca50046d7606fa99ce3956a617f9b36380da3b7f0dd3dd28e68cb5",
                "sha256:52c8ef851d9a240f11a88c003eacb03c31fc1c9c4ec64a99a0f922b93874fda9",
                "sha256:559db847dc486944896521f68d8190be1c9e719fced785720d2216fe7022b662",
                "sha256:5a881ab208c0baf688221f8cecc5401bd291d67e38a1ac884d6736cbcd8247e9",
                "sha256:5cb41aa38891e073ee49d55fbc7839cfdb2bc0e600add13874d048c94aadddd1",
                "sha256:5e262d41726bc187e69af7825504c933b6794dc3fbd5945e41a79bb14c31f585",
                "sha256:5ee18d9ebdb417e384b58fe414e8d6af9f4e7a0ae761519fb50f721de398dd4e",
                "sha256:7008df2e7655c495dd12d2a4ad038ff878d4ca4b81fccaf82b714e07eae4402c",
                "sha256:734e20b57ba95624ecf1841e72b53f6e186355e216e5412de414e3c51e5e3c41",
                "sha256:7c7e1a961a0b2f2472c1ac5b69affa0ae1132c39adcb67aba98568702b9cc23f",
                "sha256:7f86fd587c4ed9dd76f318225e7d9b29cfc5a9d43de44e5754db8d1128487085",
                "sha256:7f94b27a62cfad8496c8d2513e1a222dd446f095fca8987fceef261225538a15",
                "sha256:88dceee75c2c63af144e456745e10101eb67361050196b0b6af5d717254dddf7",
                "sha256:8a650c2dbafa08d42e51ba0b62740dae4ecb9338eefa093aa5c78ceb546fcd5c",
                "sha256:8d65a2fbf9d2f8352685bc1364177ee3923d6baf5e7f43ea4959d7d8bc326a36",
                "sha256:96481a5786729fd470164b47cdb3e0e58062a496f455ee41b4403be77cb5a076",
                "sha256:a120733b01c45e9a0c34aeef92bf0cf1d56cfe81ed9d47d562f9ed591a9828ac",
                "sha256:b1d22e6e9387bf4739fbe23bfa80e93f6b0373a7f1b96c6227c32bef95a4d7a8",
                "sha256:b8c198f8c1805dc42708689ed6864951fd2494f924149d3e4bce7710f8eb5232",
                "sha256:c2541745709bad0264b7d4705ad453b76ccd191e64aa6f0fc66b69a293a45ece",
                "sha256:c742f741d58a28940ce01d58f0ab2ea3ced8b12402f162f4d534dfe18ba1cd6a",
                "sha256:c7f2c7f2b9ca6bdeef8f0fa897f8e05085923eb091721675170254cbc5b02897",
                "sha256:d312ef37c91508b0ab2cee7da26ec0b3ed2f03ce12bd87a588d771ae15dcf82d",
                "sha256:d4d8fe59808a54658fcc0160ecfb1b30f9089906c50b23bcb4c69eddc19ec2b4",
                "sha256:da25dc3563bff5965356133435b757a795a17b17d01dbc0f42fb32447ddfd917",
                "sha256:eab21f45c7f66c13f2a9e0e1535309cee140182a9cdae1e041d02e47291e8396",
                "sha256:eb0dc4e38e6a1fd579e5d50369aa2e10acfc9cace504579b2faabb478e76941a",
                "sha256:ec9bfaf3ad2df51ace80688143a6a4ebc09a248f6ff781a9945e51937008fcbc",
                "sha256:ede3e6487c5ef5d28634ba3f31f989030ad6af71edfb0055cbbd14189ff240ba",
                "sha256:f3c6818a1a86dd6dca7ddcaaf76947d5ba31aecc28cb1b67009a5877c9a64f3f",
                "sha256:f758f1b9299d059cc3f6546ae2af89670cb1c4d48ea29c3cacc4fe7de3058257",
                "sha256:f8f0fc26ec2cc2b965b7a3b87cd19c5c6b8c5e5f436b984e85f486d652285c30",
                "sha256:fd0409a3653af6c147209d267a0e4243f0ae46b011aa978b1080359fddc9b6cf",
                "sha256:ff18e6a727ee0ab0388507b89d1bc6a22b138d1e2fa56d1ad494586d61d2eae9",
                "sha256:ff2983983d34813c1aeb0fa89091e76c3a22889ee83ab27c5eeb45100560c049"
            ],
            "markers": "python_version >= '3.8'",
            "version": "==2.4.1"
        },
        "tomlkit": {
            "hashes": [
                "sha256:592064ed85b40fa213469f81ac584f67a4f2992509a7c3ea2d632208623a3680",
                "sha256:cf00efca415dbd57575befb1f6634c4f42d2d87dbba376128adb42c121b87064"
            ],
            "markers": "python_version >= '3.9'",
            "version": "==0.14.0"
        },
        "typing-extensions": {
            "hashes": [
                "sha256:0cea48d173cc12fa28ecabc3b837ea3cf6f38c6d1136f85cbaaf598984861466",
                "sha256:f0fa19c6845758ab08074a0cfa8b7aecb71c999ca73d62883bc25cc018c4e548"
            ],
            "markers": "python_version >= '3.9'",
            "version": "==4.15.0"
        },
        "xlsxwriter": {
            "hashes": [
                "sha256:254b1c37a368c444eac6e2f867405cc9e461b0ed97a3233b2ac1e574efb4140c",
                "sha256:9a5db42bc5dff014806c58a20b9eae7322a134abb6fce3c92c181bfb275ec5b3"
            ],
            "index": "pypi",
            "markers": "python_version >= '3.8'",
            "version": "==3.2.9"
        }
    }
}
